
Microsoft Visual Studio Solution File, Format Version 12.00
# Visual Studio Version 17
VisualStudioVersion = 17.5.33530.505
MinimumVisualStudioVersion = 10.0.40219.1
Project("{FAE04EC0-301F-11D3-BF4B-00C04F79EFBC}") = "AnswerDBWebAPI", "AnswerDBWebAPI\AnswerDBWebAPI.csproj", "{1A224E2F-8D26-47E7-B668-23B77FF14861}"
EndProject
Global
	GlobalSection(SolutionConfigurationPlatforms) = preSolution
		Debug|Any CPU = Debug|Any CPU
		Release|Any CPU = Release|Any CPU
	EndGlobalSection
	GlobalSection(ProjectConfigurationPlatforms) = postSolution
		{1A224E2F-8D26-47E7-B668-23B77FF14861}.Debug|Any CPU.ActiveCfg = Debug|Any CPU
		{1A224E2F-8D26-47E7-B668-23B77FF14861}.Debug|Any CPU.Build.0 = Debug|Any CPU
		{1A224E2F-8D26-47E7-B668-23B77FF14861}.Release|Any CPU.ActiveCfg = Release|Any CPU
		{1A224E2F-8D26-47E7-B668-23B77FF14861}.Release|Any CPU.Build.0 = Release|Any CPU
	EndGlobalSection
	GlobalSection(SolutionProperties) = preSolution
		HideSolutionNode = FALSE
	EndGlobalSection
	GlobalSection(ExtensibilityGlobals) = postSolution
		SolutionGuid = {535578E7-F78B-4854-9E5D-3DBDB70BA950}
	EndGlobalSection
EndGlobal
